
Microsoft Visual Studio Solution File, Format Version 12.00
# Visual Studio Version 16
VisualStudioVersion = 16.0.30907.101
MinimumVisualStudioVersion = 10.0.40219.1
Project("{8BC9CEB8-8B4A-11D0-8D11-00A0C91BC942}") = "Voxel Game Engine", "Voxel Game Engine.vcxproj", "{4B576D7E-0CD6-4361-BC66-DD428B06D77B}"
EndProject
Global
	GlobalSection(SolutionConfigurationPlatforms) = preSolution
		Debug|x64 = Debug|x64
		Debug|x86 = Debug|x86
		Release|x64 = Release|x64
		Release|x86 = Release|x86
	EndGlobalSection
	GlobalSection(ProjectConfigurationPlatforms) = postSolution
		{4B576D7E-0CD6-4361-BC66-DD428B06D77B}.Debug|x64.ActiveCfg = Debug|x64
		{4B576D7E-0CD6-4361-BC66-DD428B06D77B}.Debug|x64.Build.0 = Debug|x64
		{4B576D7E-0CD6-4361-BC66-DD428B06D77B}.Debug|x86.ActiveCfg = Debug|Win32
		{4B576D7E-0CD6-4361-BC66-DD428B06D77B}.Debug|x86.Build.0 = Debug|Win32
		{4B576D7E-0CD6-4361-BC66-DD428B06D77B}.Release|x64.ActiveCfg = Release|x64
		{4B576D7E-0CD6-4361-BC66-DD428B06D77B}.Release|x64.Build.0 = Release|x64
		{4B576D7E-0CD6-4361-BC66-DD428B06D77B}.Release|x86.ActiveCfg = Release|Win32
		{4B576D7E-0CD6-4361-BC66-DD428B06D77B}.Release|x86.Build.0 = Release|Win32
	EndGlobalSection
	GlobalSection(SolutionProperties) = preSolution
		HideSolutionNode = FALSE
	EndGlobalSection
	GlobalSection(ExtensibilityGlobals) = postSolution
		SolutionGuid = {4B800912-7175-441B-9545-7291B6830E2C}
	EndGlobalSection
EndGlobal
